
Microsoft Visual Studio Solution File, Format Version 12.00
# Visual Studio Version 16
VisualStudioVersion = 16.0.29926.136
MinimumVisualStudioVersion = 10.0.40219.1
Project("{FAE04EC0-301F-11D3-BF4B-00C04F79EFBC}") = "MRRC", "MRRC\MRRC.csproj", "{53E43F33-CE36-4834-A3EF-BAFB07D345B1}"
EndProject
Project("{FAE04EC0-301F-11D3-BF4B-00C04F79EFBC}") = "MRRCManagement", "MRRCManagement\MRRCManagement.csproj", "{66F58264-4B84-4D3F-8957-2CB3A4166329}"
EndProject
Project("{FAE04EC0-301F-11D3-BF4B-00C04F79EFBC}") = "ConsoleApp", "ConsoleApp\ConsoleApp.csproj", "{47AE1A99-936D-46B9-A3E9-43739C98246F}"
EndProject
Global
	GlobalSection(SolutionConfigurationPlatforms) = preSolution
		Debug|Any CPU = Debug|Any CPU
		Release|Any CPU = Release|Any CPU
	EndGlobalSection
	GlobalSection(ProjectConfigurationPlatforms) = postSolution
		{53E43F33-CE36-4834-A3EF-BAFB07D345B1}.Debug|Any CPU.ActiveCfg = Debug|Any CPU
		{53E43F33-CE36-4834-A3EF-BAFB07D345B1}.Debug|Any CPU.Build.0 = Debug|Any CPU
		{53E43F33-CE36-4834-A3EF-BAFB07D345B1}.Release|Any CPU.ActiveCfg = Release|Any CPU
		{53E43F33-CE36-4834-A3EF-BAFB07D345B1}.Release|Any CPU.Build.0 = Release|Any CPU
		{66F58264-4B84-4D3F-8957-2CB3A4166329}.Debug|Any CPU.ActiveCfg = Debug|Any CPU
		{66F58264-4B84-4D3F-8957-2CB3A4166329}.Debug|Any CPU.Build.0 = Debug|Any CPU
		{66F58264-4B84-4D3F-8957-2CB3A4166329}.Release|Any CPU.ActiveCfg = Release|Any CPU
		{66F58264-4B84-4D3F-8957-2CB3A4166329}.Release|Any CPU.Build.0 = Release|Any CPU
		{47AE1A99-936D-46B9-A3E9-43739C98246F}.Debug|Any CPU.ActiveCfg = Debug|Any CPU
		{47AE1A99-936D-46B9-A3E9-43739C98246F}.Debug|Any CPU.Build.0 = Debug|Any CPU
		{47AE1A99-936D-46B9-A3E9-43739C98246F}.Release|Any CPU.ActiveCfg = Release|Any CPU
		{47AE1A99-936D-46B9-A3E9-43739C98246F}.Release|Any CPU.Build.0 = Release|Any CPU
	EndGlobalSection
	GlobalSection(SolutionProperties) = preSolution
		HideSolutionNode = FALSE
	EndGlobalSection
	GlobalSection(ExtensibilityGlobals) = postSolution
		SolutionGuid = {BD81C692-1CE4-494B-A703-68AF0B11D1FF}
	EndGlobalSection
EndGlobal
